<?xml version="1.0" encoding="utf-8"?>
<Project ToolsVersion="4.0" xmlns="http://schemas.microsoft.com/developer/msbuild/2003">
  <ItemGroup>
    <Filter Include="Source Files">
      <UniqueIdentifier>{D13DD968-9794-4932-908C-9CF8EAE8A16D}</UniqueIdentifier>
      <Extensions>cpp;c;cc;cxx;def;odl;idl;hpj;bat;asm;asmx</Extensions>
    </Filter>
    <Filter Include="Header Files">
      <UniqueIdentifier>{680BBF0D-BCB9-4374-B23D-FB2875F661A0}</UniqueIdentifier>
      <Extensions>h;hh;hpp;hxx;hm;inl;inc;xsd</Extensions>
    </Filter>
    <Filter Include="Resource Files">
      <UniqueIdentifier>{E37475C6-78F5-498B-800E-0ADB72C8DAEF}</UniqueIdentifier>
      <Extensions>rc;ico;cur;bmp;dlg;rc2;rct;bin;rgs;gif;jpg;jpeg;jpe;resx;tiff;tif;png;wav;mfcribbon-ms</Extensions>
    </Filter>
    <Filter Include="Header Files\filesystem">
      <UniqueIdentifier>{bf67319e-361c-41a7-8883-0f307e52d1e8}</UniqueIdentifier>
    </Filter>
    <Filter Include="Header Files\unicode">
      <UniqueIdentifier>{b902853a-8237-4396-a9ee-1eb3b63e0144}</UniqueIdentifier>
    </Filter>
    <Filter Include="Source Files\filesystem">
      <UniqueIdentifier>{d41395ac-1422-4814-892e-4d23d9a2a2ef}</UniqueIdentifier>
    </Filter>
    <Filter Include="Source Files\unicode">
      <UniqueIdentifier>{fd2c4944-3bb6-43c2-a965-f070281c9b3a}</UniqueIdentifier>
    </Filter>
  </ItemGroup>
  <ItemGroup>
    <None Include="makefile" />
  </ItemGroup>
  <ItemGroup>
    <ClInclude Include="include\tc\Exception.h">
      <Filter>Header Files</Filter>
    </ClInclude>
    <ClInclude Include="include\tc\SharedPtr.h">
      <Filter>Header Files</Filter>
    </ClInclude>
    <ClInclude Include="include\tc\endian.h">
      <Filter>Header Files</Filter>
    </ClInclude>
    <ClInclude Include="include\tc\filesystem.h">
      <Filter>Header Files</Filter>
    </ClInclude>
    <ClInclude Include="include\tc\Optional.h">
      <Filter>Header Files</Filter>
    </ClInclude>
    <ClInclude Include="include\tc\types.h">
      <Filter>Header Files</Filter>
    </ClInclude>
    <ClInclude Include="include\tc\unicode.h">
      <Filter>Header Files</Filter>
    </ClInclude>
    <ClInclude Include="include\tc\filesystem\DirectoryInfo.h">
      <Filter>Header Files\filesystem</Filter>
    </ClInclude>
    <ClInclude Include="include\tc\filesystem\IFile.h">
      <Filter>Header Files\filesystem</Filter>
    </ClInclude>
    <ClInclude Include="include\tc\filesystem\IFileSystem.h">
      <Filter>Header Files\filesystem</Filter>
    </ClInclude>
    <ClInclude Include="include\tc\filesystem\LocalFile.h">
      <Filter>Header Files\filesystem</Filter>
    </ClInclude>
    <ClInclude Include="include\tc\filesystem\LocalFileSystem.h">
      <Filter>Header Files\filesystem</Filter>
    </ClInclude>
    <ClInclude Include="include\tc\filesystem\SandboxFile.h">
      <Filter>Header Files\filesystem</Filter>
    </ClInclude>
    <ClInclude Include="include\tc\filesystem\SandboxFileSystem.h">
      <Filter>Header Files\filesystem</Filter>
    </ClInclude>
    <ClInclude Include="include\tc\filesystem\Path.h">
      <Filter>Header Files\filesystem</Filter>
    </ClInclude>
    <ClInclude Include="include\tc\unicode\utf8.h">
      <Filter>Header Files\unicode</Filter>
    </ClInclude>
    <ClInclude Include="include\tc\unicode\utf16.h">
      <Filter>Header Files\unicode</Filter>
    </ClInclude>
    <ClInclude Include="include\tc\unicode\transcode.h">
      <Filter>Header Files\unicode</Filter>
    </ClInclude>
  </ItemGroup>
  <ItemGroup>
    <ClCompile Include="source\Exception.cpp">
      <Filter>Source Files</Filter>
    </ClCompile>
    <ClCompile Include="source\filesystem\DirectoryInfo.cpp">
      <Filter>Source Files\filesystem</Filter>
    </ClCompile>
    <ClCompile Include="source\filesystem\LocalFile.cpp">
      <Filter>Source Files\filesystem</Filter>
    </ClCompile>
    <ClCompile Include="source\filesystem\LocalFileSystem.cpp">
      <Filter>Source Files\filesystem</Filter>
    </ClCompile>
    <ClCompile Include="source\filesystem\Path.cpp">
      <Filter>Source Files\filesystem</Filter>
    </ClCompile>
    <ClCompile Include="source\filesystem\SandboxFile.cpp">
      <Filter>Source Files\filesystem</Filter>
    </ClCompile>
    <ClCompile Include="source\filesystem\SandboxFileSystem.cpp">
      <Filter>Source Files\filesystem</Filter>
    </ClCompile>
    <ClCompile Include="source\unicode\transcode.cpp">
      <Filter>Source Files\unicode</Filter>
    </ClCompile>
  </ItemGroup>
</Project>